
Microsoft Visual Studio Solution File, Format Version 12.00
# Visual Studio Version 17
VisualStudioVersion = 17.0.31903.59
MinimumVisualStudioVersion = 10.0.40219.1
Project("{FAE04EC0-301F-11D3-BF4B-00C04F79EFBC}") = "KTPay", "KTPay\KTPay.csproj", "{642078CD-3622-4FD8-A8C4-A64CB4721DDC}"
EndProject
Project("{FAE04EC0-301F-11D3-BF4B-00C04F79EFBC}") = "KTPay.Tests", "KTPay.Tests\KTPay.Tests.csproj", "{79B68094-84A0-40AD-B0A3-CD6DB4813658}"
EndProject
Project("{FAE04EC0-301F-11D3-BF4B-00C04F79EFBC}") = "KTPay.Web", "KTPay.Web\KTPay.Web.csproj", "{B7D5E753-C207-4DFA-A316-2A64F4780F45}"
EndProject
Global
	GlobalSection(SolutionConfigurationPlatforms) = preSolution
		Debug|Any CPU = Debug|Any CPU
		Release|Any CPU = Release|Any CPU
	EndGlobalSection
	GlobalSection(SolutionProperties) = preSolution
		HideSolutionNode = FALSE
	EndGlobalSection
	GlobalSection(ProjectConfigurationPlatforms) = postSolution
		{642078CD-3622-4FD8-A8C4-A64CB4721DDC}.Debug|Any CPU.ActiveCfg = Debug|Any CPU
		{642078CD-3622-4FD8-A8C4-A64CB4721DDC}.Debug|Any CPU.Build.0 = Debug|Any CPU
		{642078CD-3622-4FD8-A8C4-A64CB4721DDC}.Release|Any CPU.ActiveCfg = Release|Any CPU
		{642078CD-3622-4FD8-A8C4-A64CB4721DDC}.Release|Any CPU.Build.0 = Release|Any CPU
		{79B68094-84A0-40AD-B0A3-CD6DB4813658}.Debug|Any CPU.ActiveCfg = Debug|Any CPU
		{79B68094-84A0-40AD-B0A3-CD6DB4813658}.Debug|Any CPU.Build.0 = Debug|Any CPU
		{79B68094-84A0-40AD-B0A3-CD6DB4813658}.Release|Any CPU.ActiveCfg = Release|Any CPU
		{79B68094-84A0-40AD-B0A3-CD6DB4813658}.Release|Any CPU.Build.0 = Release|Any CPU
		{B7D5E753-C207-4DFA-A316-2A64F4780F45}.Debug|Any CPU.ActiveCfg = Debug|Any CPU
		{B7D5E753-C207-4DFA-A316-2A64F4780F45}.Debug|Any CPU.Build.0 = Debug|Any CPU
		{B7D5E753-C207-4DFA-A316-2A64F4780F45}.Release|Any CPU.ActiveCfg = Release|Any CPU
		{B7D5E753-C207-4DFA-A316-2A64F4780F45}.Release|Any CPU.Build.0 = Release|Any CPU
	EndGlobalSection
EndGlobal
